{
  "version": 4,
  "terraform_version": "1.15.5",
  "serial": 5,
  "lineage": "b2951f61-ab3f-9a60-e6e5-d307863a6d7e",
  "outputs": {
    "production_configmap": {
      "value": "petclinic-config",
      "type": "string"
    },
    "production_namespace": {
      "value": "production",
      "type": "string"
    },
    "production_secret": {
      "value": "petclinic-secret",
      "type": "string"
    },
    "staging_configmap": {
      "value": "petclinic-config",
      "type": "string"
    },
    "staging_namespace": {
      "value": "staging",
      "type": "string"
    }
  },
  "resources": [
    {
      "mode": "managed",
      "type": "kubernetes_config_map",
      "name": "app_config_production",
      "provider": "provider[\"registry.terraform.io/hashicorp/kubernetes\"]",
      "instances": [
        {
          "schema_version": 0,
          "attributes": {
            "binary_data": null,
            "data": {
              "MANAGEMENT_ENDPOINTS_WEB_EXPOSURE_INCLUDE": "health,info,prometheus",
              "MANAGEMENT_ENDPOINT_HEALTH_PROBES_ENABLED": "true",
              "SERVER_PORT": "8080",
              "SPRING_PROFILES_ACTIVE": "production"
            },
            "id": "production/petclinic-config",
            "immutable": false,
            "metadata": [
              {
                "annotations": null,
                "generate_name": "",
                "generation": 0,
                "labels": null,
                "name": "petclinic-config",
                "namespace": "production",
                "resource_version": "768",
                "uid": "c60b49a7-8293-4449-b7dd-cc86994a6e77"
              }
            ]
          },
          "sensitive_attributes": [],
          "identity_schema_version": 1,
          "identity": {
            "api_version": "v1",
            "kind": "ConfigMap",
            "name": "petclinic-config",
            "namespace": "production"
          },
          "private": "bnVsbA==",
          "dependencies": [
            "kubernetes_namespace.production"
          ]
        }
      ]
    },
    {
      "mode": "managed",
      "type": "kubernetes_config_map",
      "name": "app_config_staging",
      "provider": "provider[\"registry.terraform.io/hashicorp/kubernetes\"]",
      "instances": [
        {
          "schema_version": 0,
          "attributes": {
            "binary_data": null,
            "data": {
              "MANAGEMENT_ENDPOINTS_WEB_EXPOSURE_INCLUDE": "health,info,prometheus,metrics",
              "MANAGEMENT_ENDPOINT_HEALTH_PROBES_ENABLED": "true",
              "SERVER_PORT": "8080",
              "SPRING_PROFILES_ACTIVE": "staging"
            },
            "id": "staging/petclinic-config",
            "immutable": false,
            "metadata": [
              {
                "annotations": null,
                "generate_name": "",
                "generation": 0,
                "labels": null,
                "name": "petclinic-config",
                "namespace": "staging",
                "resource_version": "770",
                "uid": "e86b82b2-83a8-49ca-b5ac-e229f6c35bbc"
              }
            ]
          },
          "sensitive_attributes": [],
          "identity_schema_version": 1,
          "identity": {
            "api_version": "v1",
            "kind": "ConfigMap",
            "name": "petclinic-config",
            "namespace": "staging"
          },
          "private": "bnVsbA==",
          "dependencies": [
            "kubernetes_namespace.staging"
          ]
        }
      ]
    },
    {
      "mode": "managed",
      "type": "kubernetes_namespace",
      "name": "production",
      "provider": "provider[\"registry.terraform.io/hashicorp/kubernetes\"]",
      "instances": [
        {
          "schema_version": 0,
          "attributes": {
            "id": "production",
            "metadata": [
              {
                "annotations": null,
                "generate_name": "",
                "generation": 0,
                "labels": {
                  "environment": "production",
                  "managed-by": "terraform"
                },
                "name": "production",
                "resource_version": "762",
                "uid": "2bf8e387-0bbc-4fbd-a058-dbf97d250b87"
              }
            ],
            "timeouts": null,
            "wait_for_default_service_account": false
          },
          "sensitive_attributes": [],
          "identity_schema_version": 1,
          "identity": {
            "api_version": "v1",
            "kind": "Namespace",
            "name": "production"
          },
          "private": "eyJlMmJmYjczMC1lY2FhLTExZTYtOGY4OC0zNDM2M2JjN2M0YzAiOnsiZGVsZXRlIjozMDAwMDAwMDAwMDB9fQ=="
        }
      ]
    },
    {
      "mode": "managed",
      "type": "kubernetes_namespace",
      "name": "staging",
      "provider": "provider[\"registry.terraform.io/hashicorp/kubernetes\"]",
      "instances": [
        {
          "schema_version": 0,
          "attributes": {
            "id": "staging",
            "metadata": [
              {
                "annotations": null,
                "generate_name": "",
                "generation": 0,
                "labels": {
                  "environment": "staging",
                  "managed-by": "terraform"
                },
                "name": "staging",
                "resource_version": "763",
                "uid": "1975c91a-300c-405b-893a-6e1c0206f4c8"
              }
            ],
            "timeouts": null,
            "wait_for_default_service_account": false
          },
          "sensitive_attributes": [],
          "identity_schema_version": 1,
          "identity": {
            "api_version": "v1",
            "kind": "Namespace",
            "name": "staging"
          },
          "private": "eyJlMmJmYjczMC1lY2FhLTExZTYtOGY4OC0zNDM2M2JjN2M0YzAiOnsiZGVsZXRlIjozMDAwMDAwMDAwMDB9fQ=="
        }
      ]
    },
    {
      "mode": "managed",
      "type": "kubernetes_secret",
      "name": "app_secret_production",
      "provider": "provider[\"registry.terraform.io/hashicorp/kubernetes\"]",
      "instances": [
        {
          "schema_version": 0,
          "attributes": {
            "binary_data": null,
            "binary_data_wo": null,
            "binary_data_wo_revision": null,
            "data": {
              "API_KEY": "secure-api-key-123",
              "DB_PASSWORD": "petclinic123"
            },
            "data_wo": null,
            "data_wo_revision": null,
            "id": "production/petclinic-secret",
            "immutable": false,
            "metadata": [
              {
                "annotations": null,
                "generate_name": "",
                "generation": 0,
                "labels": null,
                "name": "petclinic-secret",
                "namespace": "production",
                "resource_version": "769",
                "uid": "7a0a9f6d-bdba-44fd-830a-f314fecb2cbf"
              }
            ],
            "timeouts": null,
            "type": "Opaque",
            "wait_for_service_account_token": true
          },
          "sensitive_attributes": [
            [
              {
                "type": "get_attr",
                "value": "binary_data"
              }
            ],
            [
              {
                "type": "get_attr",
                "value": "data"
              }
            ],
            [
              {
                "type": "get_attr",
                "value": "data"
              },
              {
                "type": "index",
                "value": {
                  "value": "API_KEY",
                  "type": "string"
                }
              }
            ],
            [
              {
                "type": "get_attr",
                "value": "data"
              },
              {
                "type": "index",
                "value": {
                  "value": "DB_PASSWORD",
                  "type": "string"
                }
              }
            ]
          ],
          "identity_schema_version": 1,
          "identity": {
            "api_version": "v1",
            "kind": "Secret",
            "name": "petclinic-secret",
            "namespace": "production"
          },
          "private": "eyJlMmJmYjczMC1lY2FhLTExZTYtOGY4OC0zNDM2M2JjN2M0YzAiOnsiY3JlYXRlIjo2MDAwMDAwMDAwMH19",
          "dependencies": [
            "kubernetes_namespace.production"
          ]
        }
      ]
    }
  ],
  "check_results": null
}
